{
  "lockfileVersion": 1,
  "workspaces": {
    "": {
      "name": "app-shell",
      "dependencies": {
        "@hono/node-server": "^1.14.0",
        "@hono/zod-validator": "^0.4.3",
        "@linear/sdk": "^38.0.0",
        "@types/uuid": "^10.0.0",
        "@unocss/preset-web-fonts": "^65.5.0",
        "canvas": "^3.1.0",
        "hono": "^4.7.5",
        "jose": "^5.10.0",
        "resend": "^4.2.0",
        "unocss": "^65.5.0",
        "uuid": "^11.1.0",
        "zod": "^3.24.2",
      },
      "devDependencies": {
        "@octokit/rest": "^21.1.1",
        "@testing-library/jest-dom": "^6.6.3",
        "@types/eslint": "^9.6.1",
        "@types/node": "^22.14.0",
        "@typescript-eslint/eslint-plugin": "^7.18.0",
        "@typescript-eslint/parser": "^7.18.0",
        "@unocss/cli": "^65.5.0",
        "bun-types": "^1.2.8",
        "chalk": "^5.4.1",
        "cross-env": "^7.0.3",
        "dotenv": "^16.4.7",
        "eslint": "^8.57.1",
        "eslint-plugin-eslint-comments": "^3.2.0",
        "eslint-plugin-jsdoc": "^50.6.9",
        "husky": "^9.1.7",
        "nodemon": "^3.1.9",
        "prettier": "3.5.1",
        "prettier-plugin-tailwindcss": "^0.6.11",
        "terser": "^5.39.0",
        "typescript": "^5.8.3",
      },
    },
  },
  "packages": {
    "@adobe/css-tools": ["@adobe/css-tools@4.4.2", "", {}, ""],

    "@ampproject/remapping": ["@ampproject/remapping@2.3.0", "", { "dependencies": { "@jridgewell/gen-mapping": "^0.3.5", "@jridgewell/trace-mapping": "^0.3.24" } }, ""],

    "@antfu/install-pkg": ["@antfu/install-pkg@1.0.0", "", { "dependencies": { "package-manager-detector": "^0.2.8", "tinyexec": "^0.3.2" } }, ""],

    "@antfu/utils": ["@antfu/utils@8.1.1", "", {}, ""],

    "@babel/helper-string-parser": ["@babel/helper-string-parser@7.25.9", "", {}, ""],

    "@babel/helper-validator-identifier": ["@babel/helper-validator-identifier@7.25.9", "", {}, ""],

    "@babel/parser": ["@babel/parser@7.27.0", "", { "dependencies": { "@babel/types": "^7.27.0" }, "bin": { "parser": "bin/babel-parser.js" } }, ""],

    "@babel/types": ["@babel/types@7.27.0", "", { "dependencies": { "@babel/helper-string-parser": "^7.25.9", "@babel/helper-validator-identifier": "^7.25.9" } }, ""],

    "@es-joy/jsdoccomment": ["@es-joy/jsdoccomment@0.49.0", "", { "dependencies": { "comment-parser": "1.4.1", "esquery": "^1.6.0", "jsdoc-type-pratt-parser": "~4.1.0" } }, ""],

    "@esbuild/darwin-arm64": ["@esbuild/darwin-arm64@0.25.2", "", { "os": "darwin", "cpu": "arm64" }, ""],

    "@eslint-community/eslint-utils": ["@eslint-community/eslint-utils@4.5.1", "", { "dependencies": { "eslint-visitor-keys": "^3.4.3" }, "peerDependencies": { "eslint": "^6.0.0 || ^7.0.0 || >=8.0.0" } }, ""],

    "@eslint-community/regexpp": ["@eslint-community/regexpp@4.12.1", "", {}, ""],

    "@eslint/eslintrc": ["@eslint/eslintrc@2.1.4", "", { "dependencies": { "ajv": "^6.12.4", "debug": "^4.3.2", "espree": "^9.6.0", "globals": "^13.19.0", "ignore": "^5.2.0", "import-fresh": "^3.2.1", "js-yaml": "^4.1.0", "minimatch": "^3.1.2", "strip-json-comments": "^3.1.1" } }, ""],

    "@eslint/js": ["@eslint/js@8.57.1", "", {}, ""],

    "@graphql-typed-document-node/core": ["@graphql-typed-document-node/core@3.2.0", "", { "peerDependencies": { "graphql": "^0.8.0 || ^0.9.0 || ^0.10.0 || ^0.11.0 || ^0.12.0 || ^0.13.0 || ^14.0.0 || ^15.0.0 || ^16.0.0 || ^17.0.0" } }, ""],

    "@hono/node-server": ["@hono/node-server@1.14.0", "", { "peerDependencies": { "hono": "^4" } }, ""],

    "@hono/zod-validator": ["@hono/zod-validator@0.4.3", "", { "peerDependencies": { "hono": ">=3.9.0", "zod": "^3.19.1" } }, ""],

    "@humanwhocodes/config-array": ["@humanwhocodes/config-array@0.13.0", "", { "dependencies": { "@humanwhocodes/object-schema": "^2.0.3", "debug": "^4.3.1", "minimatch": "^3.0.5" } }, ""],

    "@humanwhocodes/module-importer": ["@humanwhocodes/module-importer@1.0.1", "", {}, ""],

    "@humanwhocodes/object-schema": ["@humanwhocodes/object-schema@2.0.3", "", {}, ""],

    "@iconify/types": ["@iconify/types@2.0.0", "", {}, ""],

    "@iconify/utils": ["@iconify/utils@2.3.0", "", { "dependencies": { "@antfu/install-pkg": "^1.0.0", "@antfu/utils": "^8.1.0", "@iconify/types": "^2.0.0", "debug": "^4.4.0", "globals": "^15.14.0", "kolorist": "^1.8.0", "local-pkg": "^1.0.0", "mlly": "^1.7.4" } }, ""],

    "@jridgewell/gen-mapping": ["@jridgewell/gen-mapping@0.3.8", "", { "dependencies": { "@jridgewell/set-array": "^1.2.1", "@jridgewell/sourcemap-codec": "^1.4.10", "@jridgewell/trace-mapping": "^0.3.24" } }, ""],

    "@jridgewell/resolve-uri": ["@jridgewell/resolve-uri@3.1.2", "", {}, ""],

    "@jridgewell/set-array": ["@jridgewell/set-array@1.2.1", "", {}, ""],

    "@jridgewell/source-map": ["@jridgewell/source-map@0.3.6", "", { "dependencies": { "@jridgewell/gen-mapping": "^0.3.5", "@jridgewell/trace-mapping": "^0.3.25" } }, ""],

    "@jridgewell/sourcemap-codec": ["@jridgewell/sourcemap-codec@1.5.0", "", {}, ""],

    "@jridgewell/trace-mapping": ["@jridgewell/trace-mapping@0.3.25", "", { "dependencies": { "@jridgewell/resolve-uri": "^3.1.0", "@jridgewell/sourcemap-codec": "^1.4.14" } }, ""],

    "@linear/sdk": ["@linear/sdk@38.0.0", "", { "dependencies": { "@graphql-typed-document-node/core": "^3.1.0", "graphql": "^15.4.0", "isomorphic-unfetch": "^3.1.0" } }, ""],

    "@nodelib/fs.scandir": ["@nodelib/fs.scandir@2.1.5", "", { "dependencies": { "@nodelib/fs.stat": "2.0.5", "run-parallel": "^1.1.9" } }, ""],

    "@nodelib/fs.stat": ["@nodelib/fs.stat@2.0.5", "", {}, ""],

    "@nodelib/fs.walk": ["@nodelib/fs.walk@1.2.8", "", { "dependencies": { "@nodelib/fs.scandir": "2.1.5", "fastq": "^1.6.0" } }, ""],

    "@octokit/auth-token": ["@octokit/auth-token@5.1.2", "", {}, ""],

    "@octokit/core": ["@octokit/core@6.1.4", "", { "dependencies": { "@octokit/auth-token": "^5.0.0", "@octokit/graphql": "^8.1.2", "@octokit/request": "^9.2.1", "@octokit/request-error": "^6.1.7", "@octokit/types": "^13.6.2", "before-after-hook": "^3.0.2", "universal-user-agent": "^7.0.0" } }, ""],

    "@octokit/endpoint": ["@octokit/endpoint@10.1.3", "", { "dependencies": { "@octokit/types": "^13.6.2", "universal-user-agent": "^7.0.2" } }, ""],

    "@octokit/graphql": ["@octokit/graphql@8.2.1", "", { "dependencies": { "@octokit/request": "^9.2.2", "@octokit/types": "^13.8.0", "universal-user-agent": "^7.0.0" } }, ""],

    "@octokit/openapi-types": ["@octokit/openapi-types@24.2.0", "", {}, ""],

    "@octokit/plugin-paginate-rest": ["@octokit/plugin-paginate-rest@11.6.0", "", { "dependencies": { "@octokit/types": "^13.10.0" }, "peerDependencies": { "@octokit/core": ">=6" } }, ""],

    "@octokit/plugin-request-log": ["@octokit/plugin-request-log@5.3.1", "", { "peerDependencies": { "@octokit/core": ">=6" } }, ""],

    "@octokit/plugin-rest-endpoint-methods": ["@octokit/plugin-rest-endpoint-methods@13.5.0", "", { "dependencies": { "@octokit/types": "^13.10.0" }, "peerDependencies": { "@octokit/core": ">=6" } }, ""],

    "@octokit/request": ["@octokit/request@9.2.2", "", { "dependencies": { "@octokit/endpoint": "^10.1.3", "@octokit/request-error": "^6.1.7", "@octokit/types": "^13.6.2", "fast-content-type-parse": "^2.0.0", "universal-user-agent": "^7.0.2" } }, ""],

    "@octokit/request-error": ["@octokit/request-error@6.1.7", "", { "dependencies": { "@octokit/types": "^13.6.2" } }, ""],

    "@octokit/rest": ["@octokit/rest@21.1.1", "", { "dependencies": { "@octokit/core": "^6.1.4", "@octokit/plugin-paginate-rest": "^11.4.2", "@octokit/plugin-request-log": "^5.3.1", "@octokit/plugin-rest-endpoint-methods": "^13.3.0" } }, ""],

    "@octokit/types": ["@octokit/types@13.10.0", "", { "dependencies": { "@octokit/openapi-types": "^24.2.0" } }, ""],

    "@pkgr/core": ["@pkgr/core@0.1.2", "", {}, ""],

    "@polka/url": ["@polka/url@1.0.0-next.28", "", {}, ""],

    "@react-email/render": ["@react-email/render@1.0.5", "", { "dependencies": { "html-to-text": "9.0.5", "prettier": "3.4.2", "react-promise-suspense": "0.3.4" }, "peerDependencies": { "react": "^18.0 || ^19.0 || ^19.0.0-rc", "react-dom": "^18.0 || ^19.0 || ^19.0.0-rc" } }, ""],

    "@rollup/rollup-darwin-arm64": ["@rollup/rollup-darwin-arm64@4.39.0", "", { "os": "darwin", "cpu": "arm64" }, ""],

    "@selderee/plugin-htmlparser2": ["@selderee/plugin-htmlparser2@0.11.0", "", { "dependencies": { "domhandler": "^5.0.3", "selderee": "^0.11.0" } }, ""],

    "@testing-library/jest-dom": ["@testing-library/jest-dom@6.6.3", "", { "dependencies": { "@adobe/css-tools": "^4.4.0", "aria-query": "^5.0.0", "chalk": "^3.0.0", "css.escape": "^1.5.1", "dom-accessibility-api": "^0.6.3", "lodash": "^4.17.21", "redent": "^3.0.0" } }, ""],

    "@types/eslint": ["@types/eslint@9.6.1", "", { "dependencies": { "@types/estree": "*", "@types/json-schema": "*" } }, ""],

    "@types/estree": ["@types/estree@1.0.7", "", {}, ""],

    "@types/json-schema": ["@types/json-schema@7.0.15", "", {}, ""],

    "@types/node": ["@types/node@22.14.0", "", { "dependencies": { "undici-types": "~6.21.0" } }, ""],

    "@types/uuid": ["@types/uuid@10.0.0", "", {}, "sha512-7gqG38EyHgyP1S+7+xomFtL+ZNHcKv6DwNaCZmJmo1vgMugyF3TCnXVg4t1uk89mLNwnLtnY3TpOpCOyp1/xHQ=="],

    "@types/ws": ["@types/ws@8.18.1", "", { "dependencies": { "@types/node": "*" } }, ""],

    "@typescript-eslint/eslint-plugin": ["@typescript-eslint/eslint-plugin@7.18.0", "", { "dependencies": { "@eslint-community/regexpp": "^4.10.0", "@typescript-eslint/scope-manager": "7.18.0", "@typescript-eslint/type-utils": "7.18.0", "@typescript-eslint/utils": "7.18.0", "@typescript-eslint/visitor-keys": "7.18.0", "graphemer": "^1.4.0", "ignore": "^5.3.1", "natural-compare": "^1.4.0", "ts-api-utils": "^1.3.0" }, "peerDependencies": { "@typescript-eslint/parser": "^7.0.0", "eslint": "^8.56.0" } }, ""],

    "@typescript-eslint/parser": ["@typescript-eslint/parser@7.18.0", "", { "dependencies": { "@typescript-eslint/scope-manager": "7.18.0", "@typescript-eslint/types": "7.18.0", "@typescript-eslint/typescript-estree": "7.18.0", "@typescript-eslint/visitor-keys": "7.18.0", "debug": "^4.3.4" }, "peerDependencies": { "eslint": "^8.56.0" } }, ""],

    "@typescript-eslint/scope-manager": ["@typescript-eslint/scope-manager@7.18.0", "", { "dependencies": { "@typescript-eslint/types": "7.18.0", "@typescript-eslint/visitor-keys": "7.18.0" } }, ""],

    "@typescript-eslint/type-utils": ["@typescript-eslint/type-utils@7.18.0", "", { "dependencies": { "@typescript-eslint/typescript-estree": "7.18.0", "@typescript-eslint/utils": "7.18.0", "debug": "^4.3.4", "ts-api-utils": "^1.3.0" }, "peerDependencies": { "eslint": "^8.56.0" } }, ""],

    "@typescript-eslint/types": ["@typescript-eslint/types@7.18.0", "", {}, ""],

    "@typescript-eslint/typescript-estree": ["@typescript-eslint/typescript-estree@7.18.0", "", { "dependencies": { "@typescript-eslint/types": "7.18.0", "@typescript-eslint/visitor-keys": "7.18.0", "debug": "^4.3.4", "globby": "^11.1.0", "is-glob": "^4.0.3", "minimatch": "^9.0.4", "semver": "^7.6.0", "ts-api-utils": "^1.3.0" } }, ""],

    "@typescript-eslint/utils": ["@typescript-eslint/utils@7.18.0", "", { "dependencies": { "@eslint-community/eslint-utils": "^4.4.0", "@typescript-eslint/scope-manager": "7.18.0", "@typescript-eslint/types": "7.18.0", "@typescript-eslint/typescript-estree": "7.18.0" }, "peerDependencies": { "eslint": "^8.56.0" } }, ""],

    "@typescript-eslint/visitor-keys": ["@typescript-eslint/visitor-keys@7.18.0", "", { "dependencies": { "@typescript-eslint/types": "7.18.0", "eslint-visitor-keys": "^3.4.3" } }, ""],

    "@ungap/structured-clone": ["@ungap/structured-clone@1.3.0", "", {}, ""],

    "@unocss/astro": ["@unocss/astro@65.5.0", "", { "dependencies": { "@unocss/core": "65.5.0", "@unocss/reset": "65.5.0", "@unocss/vite": "65.5.0" }, "peerDependencies": { "vite": "^2.9.0 || ^3.0.0-0 || ^4.0.0 || ^5.0.0-0 || ^6.0.0-0" } }, ""],

    "@unocss/cli": ["@unocss/cli@65.5.0", "", { "dependencies": { "@ampproject/remapping": "^2.3.0", "@unocss/config": "65.5.0", "@unocss/core": "65.5.0", "@unocss/preset-uno": "65.5.0", "cac": "^6.7.14", "chokidar": "^3.6.0", "colorette": "^2.0.20", "consola": "^3.4.0", "magic-string": "^0.30.17", "pathe": "^2.0.3", "perfect-debounce": "^1.0.0", "tinyglobby": "^0.2.10", "unplugin-utils": "^0.2.4" }, "bin": { "unocss": "bin/unocss.mjs" } }, ""],

    "@unocss/config": ["@unocss/config@65.5.0", "", { "dependencies": { "@unocss/core": "65.5.0", "unconfig": "~7.0.0" } }, ""],

    "@unocss/core": ["@unocss/core@65.5.0", "", {}, ""],

    "@unocss/extractor-arbitrary-variants": ["@unocss/extractor-arbitrary-variants@65.5.0", "", { "dependencies": { "@unocss/core": "65.5.0" } }, ""],

    "@unocss/inspector": ["@unocss/inspector@65.5.0", "", { "dependencies": { "@unocss/core": "65.5.0", "@unocss/rule-utils": "65.5.0", "colorette": "^2.0.20", "gzip-size": "^6.0.0", "sirv": "^3.0.0", "vue-flow-layout": "^0.1.1" } }, ""],

    "@unocss/postcss": ["@unocss/postcss@65.5.0", "", { "dependencies": { "@unocss/config": "65.5.0", "@unocss/core": "65.5.0", "@unocss/rule-utils": "65.5.0", "css-tree": "^3.1.0", "postcss": "^8.5.2", "tinyglobby": "^0.2.10" }, "peerDependencies": { "postcss": "^8.4.21" } }, ""],

    "@unocss/preset-attributify": ["@unocss/preset-attributify@65.5.0", "", { "dependencies": { "@unocss/core": "65.5.0" } }, ""],

    "@unocss/preset-icons": ["@unocss/preset-icons@65.5.0", "", { "dependencies": { "@iconify/utils": "^2.3.0", "@unocss/core": "65.5.0", "ofetch": "^1.4.1" } }, ""],

    "@unocss/preset-mini": ["@unocss/preset-mini@65.5.0", "", { "dependencies": { "@unocss/core": "65.5.0", "@unocss/extractor-arbitrary-variants": "65.5.0", "@unocss/rule-utils": "65.5.0" } }, ""],

    "@unocss/preset-tagify": ["@unocss/preset-tagify@65.5.0", "", { "dependencies": { "@unocss/core": "65.5.0" } }, ""],

    "@unocss/preset-typography": ["@unocss/preset-typography@65.5.0", "", { "dependencies": { "@unocss/core": "65.5.0", "@unocss/preset-mini": "65.5.0", "@unocss/rule-utils": "65.5.0" } }, ""],

    "@unocss/preset-uno": ["@unocss/preset-uno@65.5.0", "", { "dependencies": { "@unocss/core": "65.5.0", "@unocss/preset-mini": "65.5.0", "@unocss/preset-wind": "65.5.0", "@unocss/rule-utils": "65.5.0" } }, ""],

    "@unocss/preset-web-fonts": ["@unocss/preset-web-fonts@65.5.0", "", { "dependencies": { "@unocss/core": "65.5.0", "ofetch": "^1.4.1" } }, ""],

    "@unocss/preset-wind": ["@unocss/preset-wind@65.5.0", "", { "dependencies": { "@unocss/core": "65.5.0", "@unocss/preset-mini": "65.5.0", "@unocss/rule-utils": "65.5.0" } }, ""],

    "@unocss/reset": ["@unocss/reset@65.5.0", "", {}, ""],

    "@unocss/rule-utils": ["@unocss/rule-utils@65.5.0", "", { "dependencies": { "@unocss/core": "^65.5.0", "magic-string": "^0.30.17" } }, ""],

    "@unocss/transformer-attributify-jsx": ["@unocss/transformer-attributify-jsx@65.5.0", "", { "dependencies": { "@unocss/core": "65.5.0" } }, ""],

    "@unocss/transformer-compile-class": ["@unocss/transformer-compile-class@65.5.0", "", { "dependencies": { "@unocss/core": "65.5.0" } }, ""],

    "@unocss/transformer-directives": ["@unocss/transformer-directives@65.5.0", "", { "dependencies": { "@unocss/core": "65.5.0", "@unocss/rule-utils": "65.5.0", "css-tree": "^3.1.0" } }, ""],

    "@unocss/transformer-variant-group": ["@unocss/transformer-variant-group@65.5.0", "", { "dependencies": { "@unocss/core": "65.5.0" } }, ""],

    "@unocss/vite": ["@unocss/vite@65.5.0", "", { "dependencies": { "@ampproject/remapping": "^2.3.0", "@unocss/config": "65.5.0", "@unocss/core": "65.5.0", "@unocss/inspector": "65.5.0", "chokidar": "^3.6.0", "magic-string": "^0.30.17", "tinyglobby": "^0.2.10", "unplugin-utils": "^0.2.4" }, "peerDependencies": { "vite": "^2.9.0 || ^3.0.0-0 || ^4.0.0 || ^5.0.0-0 || ^6.0.0-0" } }, ""],

    "@vue/compiler-core": ["@vue/compiler-core@3.5.13", "", { "dependencies": { "@babel/parser": "^7.25.3", "@vue/shared": "3.5.13", "entities": "^4.5.0", "estree-walker": "^2.0.2", "source-map-js": "^1.2.0" } }, ""],

    "@vue/compiler-dom": ["@vue/compiler-dom@3.5.13", "", { "dependencies": { "@vue/compiler-core": "3.5.13", "@vue/shared": "3.5.13" } }, ""],

    "@vue/compiler-sfc": ["@vue/compiler-sfc@3.5.13", "", { "dependencies": { "@babel/parser": "^7.25.3", "@vue/compiler-core": "3.5.13", "@vue/compiler-dom": "3.5.13", "@vue/compiler-ssr": "3.5.13", "@vue/shared": "3.5.13", "estree-walker": "^2.0.2", "magic-string": "^0.30.11", "postcss": "^8.4.48", "source-map-js": "^1.2.0" } }, ""],

    "@vue/compiler-ssr": ["@vue/compiler-ssr@3.5.13", "", { "dependencies": { "@vue/compiler-dom": "3.5.13", "@vue/shared": "3.5.13" } }, ""],

    "@vue/reactivity": ["@vue/reactivity@3.5.13", "", { "dependencies": { "@vue/shared": "3.5.13" } }, ""],

    "@vue/runtime-core": ["@vue/runtime-core@3.5.13", "", { "dependencies": { "@vue/reactivity": "3.5.13", "@vue/shared": "3.5.13" } }, ""],

    "@vue/runtime-dom": ["@vue/runtime-dom@3.5.13", "", { "dependencies": { "@vue/reactivity": "3.5.13", "@vue/runtime-core": "3.5.13", "@vue/shared": "3.5.13", "csstype": "^3.1.3" } }, ""],

    "@vue/server-renderer": ["@vue/server-renderer@3.5.13", "", { "dependencies": { "@vue/compiler-ssr": "3.5.13", "@vue/shared": "3.5.13" }, "peerDependencies": { "vue": "3.5.13" } }, ""],

    "@vue/shared": ["@vue/shared@3.5.13", "", {}, ""],

    "acorn": ["acorn@8.14.1", "", { "bin": "bin/acorn" }, ""],

    "acorn-jsx": ["acorn-jsx@5.3.2", "", { "peerDependencies": { "acorn": "^6.0.0 || ^7.0.0 || ^8.0.0" } }, ""],

    "ajv": ["ajv@6.12.6", "", { "dependencies": { "fast-deep-equal": "^3.1.1", "fast-json-stable-stringify": "^2.0.0", "json-schema-traverse": "^0.4.1", "uri-js": "^4.2.2" } }, ""],

    "ansi-regex": ["ansi-regex@5.0.1", "", {}, ""],

    "ansi-styles": ["ansi-styles@4.3.0", "", { "dependencies": { "color-convert": "^2.0.1" } }, ""],

    "anymatch": ["anymatch@3.1.3", "", { "dependencies": { "normalize-path": "^3.0.0", "picomatch": "^2.0.4" } }, ""],

    "are-docs-informative": ["are-docs-informative@0.0.2", "", {}, ""],

    "argparse": ["argparse@2.0.1", "", {}, ""],

    "aria-query": ["aria-query@5.3.2", "", {}, ""],

    "array-union": ["array-union@2.1.0", "", {}, ""],

    "balanced-match": ["balanced-match@1.0.2", "", {}, ""],

    "base64-js": ["base64-js@1.5.1", "", {}, "sha512-AKpaYlHn8t4SVbOHCy+b5+KKgvR4vrsD8vbvrbiQJps7fKDTkjkDry6ji0rUJjC0kzbNePLwzxq8iypo41qeWA=="],

    "before-after-hook": ["before-after-hook@3.0.2", "", {}, ""],

    "binary-extensions": ["binary-extensions@2.3.0", "", {}, ""],

    "bl": ["bl@4.1.0", "", { "dependencies": { "buffer": "^5.5.0", "inherits": "^2.0.4", "readable-stream": "^3.4.0" } }, "sha512-1W07cM9gS6DcLperZfFSj+bWLtaPGSOHWhPiGzXmvVJbRLdG82sH/Kn8EtW1VqWVA54AKf2h5k5BbnIbwF3h6w=="],

    "brace-expansion": ["brace-expansion@1.1.11", "", { "dependencies": { "balanced-match": "^1.0.0", "concat-map": "0.0.1" } }, ""],

    "braces": ["braces@3.0.3", "", { "dependencies": { "fill-range": "^7.1.1" } }, ""],

    "buffer": ["buffer@5.7.1", "", { "dependencies": { "base64-js": "^1.3.1", "ieee754": "^1.1.13" } }, "sha512-EHcyIPBQ4BSGlvjB16k5KgAJ27CIsHY/2JBmCRReo48y9rQ3MaUzWX3KVlBa4U7MyX02HdVj0K7C3WaB3ju7FQ=="],

    "buffer-from": ["buffer-from@1.1.2", "", {}, ""],

    "bun-types": ["bun-types@1.2.8", "", { "dependencies": { "@types/node": "*", "@types/ws": "*" } }, ""],

    "cac": ["cac@6.7.14", "", {}, ""],

    "callsites": ["callsites@3.1.0", "", {}, ""],

    "canvas": ["canvas@3.1.0", "", { "dependencies": { "node-addon-api": "^7.0.0", "prebuild-install": "^7.1.1" } }, "sha512-tTj3CqqukVJ9NgSahykNwtGda7V33VLObwrHfzT0vqJXu7J4d4C/7kQQW3fOEGDfZZoILPut5H00gOjyttPGyg=="],

    "chalk": ["chalk@5.4.1", "", {}, ""],

    "chokidar": ["chokidar@3.6.0", "", { "dependencies": { "anymatch": "~3.1.2", "braces": "~3.0.2", "glob-parent": "~5.1.2", "is-binary-path": "~2.1.0", "is-glob": "~4.0.1", "normalize-path": "~3.0.0", "readdirp": "~3.6.0" }, "optionalDependencies": { "fsevents": "~2.3.2" } }, ""],

    "chownr": ["chownr@1.1.4", "", {}, "sha512-jJ0bqzaylmJtVnNgzTeSOs8DPavpbYgEr/b0YL8/2GO3xJEhInFmhKMUnEJQjZumK7KXGFhUy89PrsJWlakBVg=="],

    "color-convert": ["color-convert@2.0.1", "", { "dependencies": { "color-name": "~1.1.4" } }, ""],

    "color-name": ["color-name@1.1.4", "", {}, ""],

    "colorette": ["colorette@2.0.20", "", {}, ""],

    "commander": ["commander@2.20.3", "", {}, ""],

    "comment-parser": ["comment-parser@1.4.1", "", {}, ""],

    "concat-map": ["concat-map@0.0.1", "", {}, ""],

    "confbox": ["confbox@0.2.2", "", {}, ""],

    "consola": ["consola@3.4.2", "", {}, ""],

    "cross-env": ["cross-env@7.0.3", "", { "dependencies": { "cross-spawn": "^7.0.1" }, "bin": { "cross-env": "src/bin/cross-env.js", "cross-env-shell": "src/bin/cross-env-shell.js" } }, ""],

    "cross-spawn": ["cross-spawn@7.0.6", "", { "dependencies": { "path-key": "^3.1.0", "shebang-command": "^2.0.0", "which": "^2.0.1" } }, ""],

    "css-tree": ["css-tree@3.1.0", "", { "dependencies": { "mdn-data": "2.12.2", "source-map-js": "^1.0.1" } }, ""],

    "css.escape": ["css.escape@1.5.1", "", {}, ""],

    "csstype": ["csstype@3.1.3", "", {}, ""],

    "debug": ["debug@4.4.0", "", { "dependencies": { "ms": "^2.1.3" } }, ""],

    "decompress-response": ["decompress-response@6.0.0", "", { "dependencies": { "mimic-response": "^3.1.0" } }, "sha512-aW35yZM6Bb/4oJlZncMH2LCoZtJXTRxES17vE3hoRiowU2kWHaJKFkSBDnDR+cm9J+9QhXmREyIfv0pji9ejCQ=="],

    "deep-extend": ["deep-extend@0.6.0", "", {}, "sha512-LOHxIOaPYdHlJRtCQfDIVZtfw/ufM8+rVj649RIHzcm/vGwQRXFt6OPqIFWsm2XEMrNIEtWR64sY1LEKD2vAOA=="],

    "deep-is": ["deep-is@0.1.4", "", {}, ""],

    "deepmerge": ["deepmerge@4.3.1", "", {}, ""],

    "defu": ["defu@6.1.4", "", {}, ""],

    "destr": ["destr@2.0.5", "", {}, ""],

    "detect-libc": ["detect-libc@2.0.4", "", {}, "sha512-3UDv+G9CsCKO1WKMGw9fwq/SWJYbI0c5Y7LU1AXYoDdbhE2AHQ6N6Nb34sG8Fj7T5APy8qXDCKuuIHd1BR0tVA=="],

    "dir-glob": ["dir-glob@3.0.1", "", { "dependencies": { "path-type": "^4.0.0" } }, ""],

    "doctrine": ["doctrine@3.0.0", "", { "dependencies": { "esutils": "^2.0.2" } }, ""],

    "dom-accessibility-api": ["dom-accessibility-api@0.6.3", "", {}, ""],

    "dom-serializer": ["dom-serializer@2.0.0", "", { "dependencies": { "domelementtype": "^2.3.0", "domhandler": "^5.0.2", "entities": "^4.2.0" } }, ""],

    "domelementtype": ["domelementtype@2.3.0", "", {}, ""],

    "domhandler": ["domhandler@5.0.3", "", { "dependencies": { "domelementtype": "^2.3.0" } }, ""],

    "domutils": ["domutils@3.2.2", "", { "dependencies": { "dom-serializer": "^2.0.0", "domelementtype": "^2.3.0", "domhandler": "^5.0.3" } }, ""],

    "dotenv": ["dotenv@16.4.7", "", {}, ""],

    "duplexer": ["duplexer@0.1.2", "", {}, ""],

    "end-of-stream": ["end-of-stream@1.4.4", "", { "dependencies": { "once": "^1.4.0" } }, "sha512-+uw1inIHVPQoaVuHzRyXd21icM+cnt4CzD5rW+NC1wjOUSTOs+Te7FOv7AhN7vS9x/oIyhLP5PR1H+phQAHu5Q=="],

    "entities": ["entities@4.5.0", "", {}, ""],

    "es-module-lexer": ["es-module-lexer@1.6.0", "", {}, ""],

    "esbuild": ["esbuild@0.25.2", "", { "optionalDependencies": { "@esbuild/darwin-arm64": "0.25.2" }, "bin": "bin/esbuild" }, ""],

    "escape-string-regexp": ["escape-string-regexp@4.0.0", "", {}, ""],

    "eslint": ["eslint@8.57.1", "", { "dependencies": { "@eslint-community/eslint-utils": "^4.2.0", "@eslint-community/regexpp": "^4.6.1", "@eslint/eslintrc": "^2.1.4", "@eslint/js": "8.57.1", "@humanwhocodes/config-array": "^0.13.0", "@humanwhocodes/module-importer": "^1.0.1", "@nodelib/fs.walk": "^1.2.8", "@ungap/structured-clone": "^1.2.0", "ajv": "^6.12.4", "chalk": "^4.0.0", "cross-spawn": "^7.0.2", "debug": "^4.3.2", "doctrine": "^3.0.0", "escape-string-regexp": "^4.0.0", "eslint-scope": "^7.2.2", "eslint-visitor-keys": "^3.4.3", "espree": "^9.6.1", "esquery": "^1.4.2", "esutils": "^2.0.2", "fast-deep-equal": "^3.1.3", "file-entry-cache": "^6.0.1", "find-up": "^5.0.0", "glob-parent": "^6.0.2", "globals": "^13.19.0", "graphemer": "^1.4.0", "ignore": "^5.2.0", "imurmurhash": "^0.1.4", "is-glob": "^4.0.0", "is-path-inside": "^3.0.3", "js-yaml": "^4.1.0", "json-stable-stringify-without-jsonify": "^1.0.1", "levn": "^0.4.1", "lodash.merge": "^4.6.2", "minimatch": "^3.1.2", "natural-compare": "^1.4.0", "optionator": "^0.9.3", "strip-ansi": "^6.0.1", "text-table": "^0.2.0" }, "bin": "bin/eslint.js" }, ""],

    "eslint-plugin-eslint-comments": ["eslint-plugin-eslint-comments@3.2.0", "", { "dependencies": { "escape-string-regexp": "^1.0.5", "ignore": "^5.0.5" }, "peerDependencies": { "eslint": ">=4.19.1" } }, ""],

    "eslint-plugin-jsdoc": ["eslint-plugin-jsdoc@50.6.9", "", { "dependencies": { "@es-joy/jsdoccomment": "~0.49.0", "are-docs-informative": "^0.0.2", "comment-parser": "1.4.1", "debug": "^4.3.6", "escape-string-regexp": "^4.0.0", "espree": "^10.1.0", "esquery": "^1.6.0", "parse-imports": "^2.1.1", "semver": "^7.6.3", "spdx-expression-parse": "^4.0.0", "synckit": "^0.9.1" }, "peerDependencies": { "eslint": "^7.0.0 || ^8.0.0 || ^9.0.0" } }, ""],

    "eslint-scope": ["eslint-scope@7.2.2", "", { "dependencies": { "esrecurse": "^4.3.0", "estraverse": "^5.2.0" } }, ""],

    "eslint-visitor-keys": ["eslint-visitor-keys@3.4.3", "", {}, ""],

    "espree": ["espree@9.6.1", "", { "dependencies": { "acorn": "^8.9.0", "acorn-jsx": "^5.3.2", "eslint-visitor-keys": "^3.4.1" } }, ""],

    "esquery": ["esquery@1.6.0", "", { "dependencies": { "estraverse": "^5.1.0" } }, ""],

    "esrecurse": ["esrecurse@4.3.0", "", { "dependencies": { "estraverse": "^5.2.0" } }, ""],

    "estraverse": ["estraverse@5.3.0", "", {}, ""],

    "estree-walker": ["estree-walker@2.0.2", "", {}, ""],

    "esutils": ["esutils@2.0.3", "", {}, ""],

    "expand-template": ["expand-template@2.0.3", "", {}, "sha512-XYfuKMvj4O35f/pOXLObndIRvyQ+/+6AhODh+OKWj9S9498pHHn/IMszH+gt0fBCRWMNfk1ZSp5x3AifmnI2vg=="],

    "exsolve": ["exsolve@1.0.4", "", {}, ""],

    "fast-content-type-parse": ["fast-content-type-parse@2.0.1", "", {}, ""],

    "fast-deep-equal": ["fast-deep-equal@3.1.3", "", {}, ""],

    "fast-glob": ["fast-glob@3.3.3", "", { "dependencies": { "@nodelib/fs.stat": "^2.0.2", "@nodelib/fs.walk": "^1.2.3", "glob-parent": "^5.1.2", "merge2": "^1.3.0", "micromatch": "^4.0.8" } }, ""],

    "fast-json-stable-stringify": ["fast-json-stable-stringify@2.1.0", "", {}, ""],

    "fast-levenshtein": ["fast-levenshtein@2.0.6", "", {}, ""],

    "fastq": ["fastq@1.19.1", "", { "dependencies": { "reusify": "^1.0.4" } }, ""],

    "fdir": ["fdir@6.4.3", "", { "peerDependencies": { "picomatch": "^3 || ^4" } }, ""],

    "file-entry-cache": ["file-entry-cache@6.0.1", "", { "dependencies": { "flat-cache": "^3.0.4" } }, ""],

    "fill-range": ["fill-range@7.1.1", "", { "dependencies": { "to-regex-range": "^5.0.1" } }, ""],

    "find-up": ["find-up@5.0.0", "", { "dependencies": { "locate-path": "^6.0.0", "path-exists": "^4.0.0" } }, ""],

    "flat-cache": ["flat-cache@3.2.0", "", { "dependencies": { "flatted": "^3.2.9", "keyv": "^4.5.3", "rimraf": "^3.0.2" } }, ""],

    "flatted": ["flatted@3.3.3", "", {}, ""],

    "fs-constants": ["fs-constants@1.0.0", "", {}, "sha512-y6OAwoSIf7FyjMIv94u+b5rdheZEjzR63GTyZJm5qh4Bi+2YgwLCcI/fPFZkL5PSixOt6ZNKm+w+Hfp/Bciwow=="],

    "fs.realpath": ["fs.realpath@1.0.0", "", {}, ""],

    "fsevents": ["fsevents@2.3.3", "", { "os": "darwin" }, ""],

    "github-from-package": ["github-from-package@0.0.0", "", {}, "sha512-SyHy3T1v2NUXn29OsWdxmK6RwHD+vkj3v8en8AOBZ1wBQ/hCAQ5bAQTD02kW4W9tUp/3Qh6J8r9EvntiyCmOOw=="],

    "glob": ["glob@7.2.3", "", { "dependencies": { "fs.realpath": "^1.0.0", "inflight": "^1.0.4", "inherits": "2", "minimatch": "^3.1.1", "once": "^1.3.0", "path-is-absolute": "^1.0.0" } }, ""],

    "glob-parent": ["glob-parent@6.0.2", "", { "dependencies": { "is-glob": "^4.0.3" } }, ""],

    "globals": ["globals@13.24.0", "", { "dependencies": { "type-fest": "^0.20.2" } }, ""],

    "globby": ["globby@11.1.0", "", { "dependencies": { "array-union": "^2.1.0", "dir-glob": "^3.0.1", "fast-glob": "^3.2.9", "ignore": "^5.2.0", "merge2": "^1.4.1", "slash": "^3.0.0" } }, ""],

    "graphemer": ["graphemer@1.4.0", "", {}, ""],

    "graphql": ["graphql@15.10.1", "", {}, ""],

    "gzip-size": ["gzip-size@6.0.0", "", { "dependencies": { "duplexer": "^0.1.2" } }, ""],

    "has-flag": ["has-flag@3.0.0", "", {}, ""],

    "hono": ["hono@4.7.5", "", {}, ""],

    "html-to-text": ["html-to-text@9.0.5", "", { "dependencies": { "@selderee/plugin-htmlparser2": "^0.11.0", "deepmerge": "^4.3.1", "dom-serializer": "^2.0.0", "htmlparser2": "^8.0.2", "selderee": "^0.11.0" } }, ""],

    "htmlparser2": ["htmlparser2@8.0.2", "", { "dependencies": { "domelementtype": "^2.3.0", "domhandler": "^5.0.3", "domutils": "^3.0.1", "entities": "^4.4.0" } }, ""],

    "husky": ["husky@9.1.7", "", { "bin": "bin.js" }, ""],

    "ieee754": ["ieee754@1.2.1", "", {}, "sha512-dcyqhDvX1C46lXZcVqCpK+FtMRQVdIMN6/Df5js2zouUsqG7I6sFxitIC+7KYK29KdXOLHdu9zL4sFnoVQnqaA=="],

    "ignore": ["ignore@5.3.2", "", {}, ""],

    "ignore-by-default": ["ignore-by-default@1.0.1", "", {}, ""],

    "import-fresh": ["import-fresh@3.3.1", "", { "dependencies": { "parent-module": "^1.0.0", "resolve-from": "^4.0.0" } }, ""],

    "imurmurhash": ["imurmurhash@0.1.4", "", {}, ""],

    "indent-string": ["indent-string@4.0.0", "", {}, ""],

    "inflight": ["inflight@1.0.6", "", { "dependencies": { "once": "^1.3.0", "wrappy": "1" } }, ""],

    "inherits": ["inherits@2.0.4", "", {}, ""],

    "ini": ["ini@1.3.8", "", {}, "sha512-JV/yugV2uzW5iMRSiZAyDtQd+nxtUnjeLt0acNdw98kKLrvuRVyB80tsREOE7yvGVgalhZ6RNXCmEHkUKBKxew=="],

    "is-binary-path": ["is-binary-path@2.1.0", "", { "dependencies": { "binary-extensions": "^2.0.0" } }, ""],

    "is-extglob": ["is-extglob@2.1.1", "", {}, ""],

    "is-glob": ["is-glob@4.0.3", "", { "dependencies": { "is-extglob": "^2.1.1" } }, ""],

    "is-number": ["is-number@7.0.0", "", {}, ""],

    "is-path-inside": ["is-path-inside@3.0.3", "", {}, ""],

    "isexe": ["isexe@2.0.0", "", {}, ""],

    "isomorphic-unfetch": ["isomorphic-unfetch@3.1.0", "", { "dependencies": { "node-fetch": "^2.6.1", "unfetch": "^4.2.0" } }, ""],

    "jiti": ["jiti@2.4.2", "", { "bin": "lib/jiti-cli.mjs" }, ""],

    "jose": ["jose@5.10.0", "", {}, ""],

    "js-yaml": ["js-yaml@4.1.0", "", { "dependencies": { "argparse": "^2.0.1" }, "bin": "bin/js-yaml.js" }, ""],

    "jsdoc-type-pratt-parser": ["jsdoc-type-pratt-parser@4.1.0", "", {}, ""],

    "json-buffer": ["json-buffer@3.0.1", "", {}, ""],

    "json-schema-traverse": ["json-schema-traverse@0.4.1", "", {}, ""],

    "json-stable-stringify-without-jsonify": ["json-stable-stringify-without-jsonify@1.0.1", "", {}, ""],

    "keyv": ["keyv@4.5.4", "", { "dependencies": { "json-buffer": "3.0.1" } }, ""],

    "kolorist": ["kolorist@1.8.0", "", {}, ""],

    "leac": ["leac@0.6.0", "", {}, ""],

    "levn": ["levn@0.4.1", "", { "dependencies": { "prelude-ls": "^1.2.1", "type-check": "~0.4.0" } }, ""],

    "local-pkg": ["local-pkg@1.1.1", "", { "dependencies": { "mlly": "^1.7.4", "pkg-types": "^2.0.1", "quansync": "^0.2.8" } }, ""],

    "locate-path": ["locate-path@6.0.0", "", { "dependencies": { "p-locate": "^5.0.0" } }, ""],

    "lodash": ["lodash@4.17.21", "", {}, ""],

    "lodash.merge": ["lodash.merge@4.6.2", "", {}, ""],

    "magic-string": ["magic-string@0.30.17", "", { "dependencies": { "@jridgewell/sourcemap-codec": "^1.5.0" } }, ""],

    "mdn-data": ["mdn-data@2.12.2", "", {}, ""],

    "merge2": ["merge2@1.4.1", "", {}, ""],

    "micromatch": ["micromatch@4.0.8", "", { "dependencies": { "braces": "^3.0.3", "picomatch": "^2.3.1" } }, ""],

    "mimic-response": ["mimic-response@3.1.0", "", {}, "sha512-z0yWI+4FDrrweS8Zmt4Ej5HdJmky15+L2e6Wgn3+iK5fWzb6T3fhNFq2+MeTRb064c6Wr4N/wv0DzQTjNzHNGQ=="],

    "min-indent": ["min-indent@1.0.1", "", {}, ""],

    "minimatch": ["minimatch@3.1.2", "", { "dependencies": { "brace-expansion": "^1.1.7" } }, ""],

    "minimist": ["minimist@1.2.8", "", {}, "sha512-2yyAR8qBkN3YuheJanUpWC5U3bb5osDywNB8RzDVlDwDHbocAJveqqj1u8+SVD7jkWT4yvsHCpWqqWqAxb0zCA=="],

    "mkdirp-classic": ["mkdirp-classic@0.5.3", "", {}, "sha512-gKLcREMhtuZRwRAfqP3RFW+TK4JqApVBtOIftVgjuABpAtpxhPGaDcfvbhNvD0B8iD1oUr/txX35NjcaY6Ns/A=="],

    "mlly": ["mlly@1.7.4", "", { "dependencies": { "acorn": "^8.14.0", "pathe": "^2.0.1", "pkg-types": "^1.3.0", "ufo": "^1.5.4" } }, ""],

    "mrmime": ["mrmime@2.0.1", "", {}, ""],

    "ms": ["ms@2.1.3", "", {}, ""],

    "nanoid": ["nanoid@3.3.11", "", { "bin": "bin/nanoid.cjs" }, ""],

    "napi-build-utils": ["napi-build-utils@2.0.0", "", {}, "sha512-GEbrYkbfF7MoNaoh2iGG84Mnf/WZfB0GdGEsM8wz7Expx/LlWf5U8t9nvJKXSp3qr5IsEbK04cBGhol/KwOsWA=="],

    "natural-compare": ["natural-compare@1.4.0", "", {}, ""],

    "node-abi": ["node-abi@3.75.0", "", { "dependencies": { "semver": "^7.3.5" } }, "sha512-OhYaY5sDsIka7H7AtijtI9jwGYLyl29eQn/W623DiN/MIv5sUqc4g7BIDThX+gb7di9f6xK02nkp8sdfFWZLTg=="],

    "node-addon-api": ["node-addon-api@7.1.1", "", {}, "sha512-5m3bsyrjFWE1xf7nz7YXdN4udnVtXK6/Yfgn5qnahL6bCkf2yKt4k3nuTKAtT4r3IG8JNR2ncsIMdZuAzJjHQQ=="],

    "node-fetch": ["node-fetch@2.7.0", "", { "dependencies": { "whatwg-url": "^5.0.0" }, "peerDependencies": { "encoding": "^0.1.0" }, "optionalPeers": ["encoding"] }, ""],

    "node-fetch-native": ["node-fetch-native@1.6.6", "", {}, ""],

    "nodemon": ["nodemon@3.1.9", "", { "dependencies": { "chokidar": "^3.5.2", "debug": "^4", "ignore-by-default": "^1.0.1", "minimatch": "^3.1.2", "pstree.remy": "^1.1.8", "semver": "^7.5.3", "simple-update-notifier": "^2.0.0", "supports-color": "^5.5.0", "touch": "^3.1.0", "undefsafe": "^2.0.5" }, "bin": "bin/nodemon.js" }, ""],

    "normalize-path": ["normalize-path@3.0.0", "", {}, ""],

    "ofetch": ["ofetch@1.4.1", "", { "dependencies": { "destr": "^2.0.3", "node-fetch-native": "^1.6.4", "ufo": "^1.5.4" } }, ""],

    "once": ["once@1.4.0", "", { "dependencies": { "wrappy": "1" } }, ""],

    "optionator": ["optionator@0.9.4", "", { "dependencies": { "deep-is": "^0.1.3", "fast-levenshtein": "^2.0.6", "levn": "^0.4.1", "prelude-ls": "^1.2.1", "type-check": "^0.4.0", "word-wrap": "^1.2.5" } }, ""],

    "p-limit": ["p-limit@3.1.0", "", { "dependencies": { "yocto-queue": "^0.1.0" } }, ""],

    "p-locate": ["p-locate@5.0.0", "", { "dependencies": { "p-limit": "^3.0.2" } }, ""],

    "package-manager-detector": ["package-manager-detector@0.2.11", "", { "dependencies": { "quansync": "^0.2.7" } }, ""],

    "parent-module": ["parent-module@1.0.1", "", { "dependencies": { "callsites": "^3.0.0" } }, ""],

    "parse-imports": ["parse-imports@2.2.1", "", { "dependencies": { "es-module-lexer": "^1.5.3", "slashes": "^3.0.12" } }, ""],

    "parseley": ["parseley@0.12.1", "", { "dependencies": { "leac": "^0.6.0", "peberminta": "^0.9.0" } }, ""],

    "path-exists": ["path-exists@4.0.0", "", {}, ""],

    "path-is-absolute": ["path-is-absolute@1.0.1", "", {}, ""],

    "path-key": ["path-key@3.1.1", "", {}, ""],

    "path-type": ["path-type@4.0.0", "", {}, ""],

    "pathe": ["pathe@2.0.3", "", {}, ""],

    "peberminta": ["peberminta@0.9.0", "", {}, ""],

    "perfect-debounce": ["perfect-debounce@1.0.0", "", {}, ""],

    "picocolors": ["picocolors@1.1.1", "", {}, ""],

    "picomatch": ["picomatch@4.0.2", "", {}, ""],

    "pkg-types": ["pkg-types@2.1.0", "", { "dependencies": { "confbox": "^0.2.1", "exsolve": "^1.0.1", "pathe": "^2.0.3" } }, ""],

    "postcss": ["postcss@8.5.3", "", { "dependencies": { "nanoid": "^3.3.8", "picocolors": "^1.1.1", "source-map-js": "^1.2.1" } }, ""],

    "prebuild-install": ["prebuild-install@7.1.3", "", { "dependencies": { "detect-libc": "^2.0.0", "expand-template": "^2.0.3", "github-from-package": "0.0.0", "minimist": "^1.2.3", "mkdirp-classic": "^0.5.3", "napi-build-utils": "^2.0.0", "node-abi": "^3.3.0", "pump": "^3.0.0", "rc": "^1.2.7", "simple-get": "^4.0.0", "tar-fs": "^2.0.0", "tunnel-agent": "^0.6.0" }, "bin": { "prebuild-install": "bin.js" } }, "sha512-8Mf2cbV7x1cXPUILADGI3wuhfqWvtiLA1iclTDbFRZkgRQS0NqsPZphna9V+HyTEadheuPmjaJMsbzKQFOzLug=="],

    "prelude-ls": ["prelude-ls@1.2.1", "", {}, ""],

    "prettier": ["prettier@3.5.1", "", { "bin": "bin/prettier.cjs" }, ""],

    "prettier-plugin-tailwindcss": ["prettier-plugin-tailwindcss@0.6.11", "", { "peerDependencies": { "@ianvs/prettier-plugin-sort-imports": "*", "@prettier/plugin-pug": "*", "@shopify/prettier-plugin-liquid": "*", "@trivago/prettier-plugin-sort-imports": "*", "@zackad/prettier-plugin-twig": "*", "prettier": "^3.0", "prettier-plugin-astro": "*", "prettier-plugin-css-order": "*", "prettier-plugin-import-sort": "*", "prettier-plugin-jsdoc": "*", "prettier-plugin-marko": "*", "prettier-plugin-multiline-arrays": "*", "prettier-plugin-organize-attributes": "*", "prettier-plugin-organize-imports": "*", "prettier-plugin-sort-imports": "*", "prettier-plugin-style-order": "*", "prettier-plugin-svelte": "*" }, "optionalPeers": ["@ianvs/prettier-plugin-sort-imports", "@prettier/plugin-pug", "@shopify/prettier-plugin-liquid", "@trivago/prettier-plugin-sort-imports", "@zackad/prettier-plugin-twig", "prettier-plugin-astro", "prettier-plugin-css-order", "prettier-plugin-import-sort", "prettier-plugin-jsdoc", "prettier-plugin-marko", "prettier-plugin-multiline-arrays", "prettier-plugin-organize-attributes", "prettier-plugin-organize-imports", "prettier-plugin-sort-imports", "prettier-plugin-style-order", "prettier-plugin-svelte"] }, ""],

    "pstree.remy": ["pstree.remy@1.1.8", "", {}, ""],

    "pump": ["pump@3.0.2", "", { "dependencies": { "end-of-stream": "^1.1.0", "once": "^1.3.1" } }, "sha512-tUPXtzlGM8FE3P0ZL6DVs/3P58k9nk8/jZeQCurTJylQA8qFYzHFfhBJkuqyE0FifOsQ0uKWekiZ5g8wtr28cw=="],

    "punycode": ["punycode@2.3.1", "", {}, ""],

    "quansync": ["quansync@0.2.10", "", {}, ""],

    "queue-microtask": ["queue-microtask@1.2.3", "", {}, ""],

    "rc": ["rc@1.2.8", "", { "dependencies": { "deep-extend": "^0.6.0", "ini": "~1.3.0", "minimist": "^1.2.0", "strip-json-comments": "~2.0.1" }, "bin": { "rc": "./cli.js" } }, "sha512-y3bGgqKj3QBdxLbLkomlohkvsA8gdAiUQlSBJnBhfn+BPxg4bc62d8TcBW15wavDfgexCgccckhcZvywyQYPOw=="],

    "react": ["react@19.1.0", "", {}, ""],

    "react-dom": ["react-dom@19.1.0", "", { "dependencies": { "scheduler": "^0.26.0" }, "peerDependencies": { "react": "^19.1.0" } }, ""],

    "react-promise-suspense": ["react-promise-suspense@0.3.4", "", { "dependencies": { "fast-deep-equal": "^2.0.1" } }, ""],

    "readable-stream": ["readable-stream@3.6.2", "", { "dependencies": { "inherits": "^2.0.3", "string_decoder": "^1.1.1", "util-deprecate": "^1.0.1" } }, "sha512-9u/sniCrY3D5WdsERHzHE4G2YCXqoG5FTHUiCC4SIbr6XcLZBY05ya9EKjYek9O5xOAwjGq+1JdGBAS7Q9ScoA=="],

    "readdirp": ["readdirp@3.6.0", "", { "dependencies": { "picomatch": "^2.2.1" } }, ""],

    "redent": ["redent@3.0.0", "", { "dependencies": { "indent-string": "^4.0.0", "strip-indent": "^3.0.0" } }, ""],

    "resend": ["resend@4.2.0", "", { "dependencies": { "@react-email/render": "1.0.5" } }, ""],

    "resolve-from": ["resolve-from@4.0.0", "", {}, ""],

    "reusify": ["reusify@1.1.0", "", {}, ""],

    "rimraf": ["rimraf@3.0.2", "", { "dependencies": { "glob": "^7.1.3" }, "bin": "bin.js" }, ""],

    "rollup": ["rollup@4.39.0", "", { "dependencies": { "@types/estree": "1.0.7" }, "optionalDependencies": { "@rollup/rollup-darwin-arm64": "4.39.0", "fsevents": "~2.3.2" }, "bin": "dist/bin/rollup" }, ""],

    "run-parallel": ["run-parallel@1.2.0", "", { "dependencies": { "queue-microtask": "^1.2.2" } }, ""],

    "safe-buffer": ["safe-buffer@5.2.1", "", {}, "sha512-rp3So07KcdmmKbGvgaNxQSJr7bGVSVk5S9Eq1F+ppbRo70+YeaDxkw5Dd8NPN+GD6bjnYm2VuPuCXmpuYvmCXQ=="],

    "scheduler": ["scheduler@0.26.0", "", {}, ""],

    "selderee": ["selderee@0.11.0", "", { "dependencies": { "parseley": "^0.12.0" } }, ""],

    "semver": ["semver@7.7.1", "", { "bin": "bin/semver.js" }, ""],

    "shebang-command": ["shebang-command@2.0.0", "", { "dependencies": { "shebang-regex": "^3.0.0" } }, ""],

    "shebang-regex": ["shebang-regex@3.0.0", "", {}, ""],

    "simple-concat": ["simple-concat@1.0.1", "", {}, "sha512-cSFtAPtRhljv69IK0hTVZQ+OfE9nePi/rtJmw5UjHeVyVroEqJXP1sFztKUy1qU+xvz3u/sfYJLa947b7nAN2Q=="],

    "simple-get": ["simple-get@4.0.1", "", { "dependencies": { "decompress-response": "^6.0.0", "once": "^1.3.1", "simple-concat": "^1.0.0" } }, "sha512-brv7p5WgH0jmQJr1ZDDfKDOSeWWg+OVypG99A/5vYGPqJ6pxiaHLy8nxtFjBA7oMa01ebA9gfh1uMCFqOuXxvA=="],

    "simple-update-notifier": ["simple-update-notifier@2.0.0", "", { "dependencies": { "semver": "^7.5.3" } }, ""],

    "sirv": ["sirv@3.0.1", "", { "dependencies": { "@polka/url": "^1.0.0-next.24", "mrmime": "^2.0.0", "totalist": "^3.0.0" } }, ""],

    "slash": ["slash@3.0.0", "", {}, ""],

    "slashes": ["slashes@3.0.12", "", {}, ""],

    "source-map": ["source-map@0.6.1", "", {}, ""],

    "source-map-js": ["source-map-js@1.2.1", "", {}, ""],

    "source-map-support": ["source-map-support@0.5.21", "", { "dependencies": { "buffer-from": "^1.0.0", "source-map": "^0.6.0" } }, ""],

    "spdx-exceptions": ["spdx-exceptions@2.5.0", "", {}, ""],

    "spdx-expression-parse": ["spdx-expression-parse@4.0.0", "", { "dependencies": { "spdx-exceptions": "^2.1.0", "spdx-license-ids": "^3.0.0" } }, ""],

    "spdx-license-ids": ["spdx-license-ids@3.0.21", "", {}, ""],

    "string_decoder": ["string_decoder@1.3.0", "", { "dependencies": { "safe-buffer": "~5.2.0" } }, "sha512-hkRX8U1WjJFd8LsDJ2yQ/wWWxaopEsABU1XfkM8A+j0+85JAGppt16cr1Whg6KIbb4okU6Mql6BOj+uup/wKeA=="],

    "strip-ansi": ["strip-ansi@6.0.1", "", { "dependencies": { "ansi-regex": "^5.0.1" } }, ""],

    "strip-indent": ["strip-indent@3.0.0", "", { "dependencies": { "min-indent": "^1.0.0" } }, ""],

    "strip-json-comments": ["strip-json-comments@3.1.1", "", {}, ""],

    "supports-color": ["supports-color@5.5.0", "", { "dependencies": { "has-flag": "^3.0.0" } }, ""],

    "synckit": ["synckit@0.9.2", "", { "dependencies": { "@pkgr/core": "^0.1.0", "tslib": "^2.6.2" } }, ""],

    "tar-fs": ["tar-fs@2.1.3", "", { "dependencies": { "chownr": "^1.1.1", "mkdirp-classic": "^0.5.2", "pump": "^3.0.0", "tar-stream": "^2.1.4" } }, "sha512-090nwYJDmlhwFwEW3QQl+vaNnxsO2yVsd45eTKRBzSzu+hlb1w2K9inVq5b0ngXuLVqQ4ApvsUHHnu/zQNkWAg=="],

    "tar-stream": ["tar-stream@2.2.0", "", { "dependencies": { "bl": "^4.0.3", "end-of-stream": "^1.4.1", "fs-constants": "^1.0.0", "inherits": "^2.0.3", "readable-stream": "^3.1.1" } }, "sha512-ujeqbceABgwMZxEJnk2HDY2DlnUZ+9oEcb1KzTVfYHio0UE6dG71n60d8D2I4qNvleWrrXpmjpt7vZeF1LnMZQ=="],

    "terser": ["terser@5.39.0", "", { "dependencies": { "@jridgewell/source-map": "^0.3.3", "acorn": "^8.8.2", "commander": "^2.20.0", "source-map-support": "~0.5.20" }, "bin": "bin/terser" }, ""],

    "text-table": ["text-table@0.2.0", "", {}, ""],

    "tinyexec": ["tinyexec@0.3.2", "", {}, ""],

    "tinyglobby": ["tinyglobby@0.2.12", "", { "dependencies": { "fdir": "^6.4.3", "picomatch": "^4.0.2" } }, ""],

    "to-regex-range": ["to-regex-range@5.0.1", "", { "dependencies": { "is-number": "^7.0.0" } }, ""],

    "totalist": ["totalist@3.0.1", "", {}, ""],

    "touch": ["touch@3.1.1", "", { "bin": { "nodetouch": "bin/nodetouch.js" } }, ""],

    "tr46": ["tr46@0.0.3", "", {}, ""],

    "ts-api-utils": ["ts-api-utils@1.4.3", "", { "peerDependencies": { "typescript": ">=4.2.0" } }, ""],

    "tslib": ["tslib@2.8.1", "", {}, ""],

    "tunnel-agent": ["tunnel-agent@0.6.0", "", { "dependencies": { "safe-buffer": "^5.0.1" } }, "sha512-McnNiV1l8RYeY8tBgEpuodCC1mLUdbSN+CYBL7kJsJNInOP8UjDDEwdk6Mw60vdLLrr5NHKZhMAOSrR2NZuQ+w=="],

    "type-check": ["type-check@0.4.0", "", { "dependencies": { "prelude-ls": "^1.2.1" } }, ""],

    "type-fest": ["type-fest@0.20.2", "", {}, ""],

    "typescript": ["typescript@5.8.3", "", { "bin": { "tsc": "bin/tsc", "tsserver": "bin/tsserver" } }, "sha512-p1diW6TqL9L07nNxvRMM7hMMw4c5XOo/1ibL4aAIGmSAt9slTE1Xgw5KWuof2uTOvCg9BY7ZRi+GaF+7sfgPeQ=="],

    "ufo": ["ufo@1.5.4", "", {}, ""],

    "unconfig": ["unconfig@7.0.0", "", { "dependencies": { "@antfu/utils": "^8.1.0", "defu": "^6.1.4", "jiti": "^2.4.2" } }, ""],

    "undefsafe": ["undefsafe@2.0.5", "", {}, ""],

    "undici-types": ["undici-types@6.21.0", "", {}, ""],

    "unfetch": ["unfetch@4.2.0", "", {}, ""],

    "universal-user-agent": ["universal-user-agent@7.0.2", "", {}, ""],

    "unocss": ["unocss@65.5.0", "", { "dependencies": { "@unocss/astro": "65.5.0", "@unocss/cli": "65.5.0", "@unocss/core": "65.5.0", "@unocss/postcss": "65.5.0", "@unocss/preset-attributify": "65.5.0", "@unocss/preset-icons": "65.5.0", "@unocss/preset-mini": "65.5.0", "@unocss/preset-tagify": "65.5.0", "@unocss/preset-typography": "65.5.0", "@unocss/preset-uno": "65.5.0", "@unocss/preset-web-fonts": "65.5.0", "@unocss/preset-wind": "65.5.0", "@unocss/transformer-attributify-jsx": "65.5.0", "@unocss/transformer-compile-class": "65.5.0", "@unocss/transformer-directives": "65.5.0", "@unocss/transformer-variant-group": "65.5.0", "@unocss/vite": "65.5.0" }, "peerDependencies": { "@unocss/webpack": "65.5.0", "vite": "^2.9.0 || ^3.0.0-0 || ^4.0.0 || ^5.0.0-0 || ^6.0.0-0" }, "optionalPeers": ["@unocss/webpack"] }, ""],

    "unplugin-utils": ["unplugin-utils@0.2.4", "", { "dependencies": { "pathe": "^2.0.2", "picomatch": "^4.0.2" } }, ""],

    "uri-js": ["uri-js@4.4.1", "", { "dependencies": { "punycode": "^2.1.0" } }, ""],

    "util-deprecate": ["util-deprecate@1.0.2", "", {}, "sha512-EPD5q1uXyFxJpCrLnCc1nHnq3gOa6DZBocAIiI2TaSCA7VCJ1UJDMagCzIkXNsUYfD1daK//LTEQ8xiIbrHtcw=="],

    "uuid": ["uuid@11.1.0", "", { "bin": "dist/esm/bin/uuid" }, "sha512-0/A9rDy9P7cJ+8w1c9WD9V//9Wj15Ce2MPz8Ri6032usz+NfePxx5AcN3bN+r6ZL6jEo066/yNYB3tn4pQEx+A=="],

    "vite": ["vite@6.2.5", "", { "dependencies": { "esbuild": "^0.25.0", "postcss": "^8.5.3", "rollup": "^4.30.1" }, "optionalDependencies": { "fsevents": "~2.3.3" }, "peerDependencies": { "@types/node": "^18.0.0 || ^20.0.0 || >=22.0.0", "jiti": ">=1.21.0", "less": "*", "lightningcss": "^1.21.0", "sass": "*", "sass-embedded": "*", "stylus": "*", "sugarss": "*", "terser": "^5.16.0", "tsx": "^4.8.1", "yaml": "^2.4.2" }, "optionalPeers": ["less", "lightningcss", "sass", "sass-embedded", "stylus", "sugarss", "tsx", "yaml"], "bin": "bin/vite.js" }, ""],

    "vue": ["vue@3.5.13", "", { "dependencies": { "@vue/compiler-dom": "3.5.13", "@vue/compiler-sfc": "3.5.13", "@vue/runtime-dom": "3.5.13", "@vue/server-renderer": "3.5.13", "@vue/shared": "3.5.13" }, "peerDependencies": { "typescript": "*" } }, ""],

    "vue-flow-layout": ["vue-flow-layout@0.1.1", "", { "peerDependencies": { "vue": "^3.4.37" } }, ""],

    "webidl-conversions": ["webidl-conversions@3.0.1", "", {}, ""],

    "whatwg-url": ["whatwg-url@5.0.0", "", { "dependencies": { "tr46": "~0.0.3", "webidl-conversions": "^3.0.0" } }, ""],

    "which": ["which@2.0.2", "", { "dependencies": { "isexe": "^2.0.0" }, "bin": { "node-which": "bin/node-which" } }, ""],

    "word-wrap": ["word-wrap@1.2.5", "", {}, ""],

    "wrappy": ["wrappy@1.0.2", "", {}, ""],

    "yocto-queue": ["yocto-queue@0.1.0", "", {}, ""],

    "zod": ["zod@3.24.2", "", {}, ""],

    "@iconify/utils/globals": ["globals@15.15.0", "", {}, ""],

    "@react-email/render/prettier": ["prettier@3.4.2", "", { "bin": "bin/prettier.cjs" }, ""],

    "@testing-library/jest-dom/chalk": ["chalk@3.0.0", "", { "dependencies": { "ansi-styles": "^4.1.0", "supports-color": "^7.1.0" } }, ""],

    "@typescript-eslint/typescript-estree/minimatch": ["minimatch@9.0.5", "", { "dependencies": { "brace-expansion": "^2.0.1" } }, ""],

    "anymatch/picomatch": ["picomatch@2.3.1", "", {}, ""],

    "chokidar/glob-parent": ["glob-parent@5.1.2", "", { "dependencies": { "is-glob": "^4.0.1" } }, ""],

    "eslint/chalk": ["chalk@4.1.2", "", { "dependencies": { "ansi-styles": "^4.1.0", "supports-color": "^7.1.0" } }, ""],

    "eslint-plugin-eslint-comments/escape-string-regexp": ["escape-string-regexp@1.0.5", "", {}, ""],

    "eslint-plugin-jsdoc/espree": ["espree@10.3.0", "", { "dependencies": { "acorn": "^8.14.0", "acorn-jsx": "^5.3.2", "eslint-visitor-keys": "^4.2.0" } }, ""],

    "fast-glob/glob-parent": ["glob-parent@5.1.2", "", { "dependencies": { "is-glob": "^4.0.1" } }, ""],

    "micromatch/picomatch": ["picomatch@2.3.1", "", {}, ""],

    "mlly/pkg-types": ["pkg-types@1.3.1", "", { "dependencies": { "confbox": "^0.1.8", "mlly": "^1.7.4", "pathe": "^2.0.1" } }, ""],

    "rc/strip-json-comments": ["strip-json-comments@2.0.1", "", {}, "sha512-4gB8na07fecVVkOI6Rs4e7T6NOTki5EmL7TUduTs6bu3EdnSycntVJ4re8kgZA+wx9IueI2Y11bfbgwtzuE0KQ=="],

    "react-promise-suspense/fast-deep-equal": ["fast-deep-equal@2.0.1", "", {}, ""],

    "readdirp/picomatch": ["picomatch@2.3.1", "", {}, ""],

    "@testing-library/jest-dom/chalk/supports-color": ["supports-color@7.2.0", "", { "dependencies": { "has-flag": "^4.0.0" } }, ""],

    "@typescript-eslint/typescript-estree/minimatch/brace-expansion": ["brace-expansion@2.0.1", "", { "dependencies": { "balanced-match": "^1.0.0" } }, ""],

    "eslint-plugin-jsdoc/espree/eslint-visitor-keys": ["eslint-visitor-keys@4.2.0", "", {}, ""],

    "eslint/chalk/supports-color": ["supports-color@7.2.0", "", { "dependencies": { "has-flag": "^4.0.0" } }, ""],

    "mlly/pkg-types/confbox": ["confbox@0.1.8", "", {}, ""],

    "@testing-library/jest-dom/chalk/supports-color/has-flag": ["has-flag@4.0.0", "", {}, ""],

    "eslint/chalk/supports-color/has-flag": ["has-flag@4.0.0", "", {}, ""],
  }
}
